
Microsoft Visual Studio Solution File, Format Version 12.00
# Visual Studio Version 16
VisualStudioVersion = 16.0.30517.126
MinimumVisualStudioVersion = 10.0.40219.1
Project("{9A19103F-16F7-4668-BE54-9A1E7A4F7556}") = "01.MeterToKilometer", "DataTypesAndVariables\01.MeterToKilometer.csproj", "{2684704E-017B-4C82-8932-FC8EAE2034E8}"
EndProject
Project("{9A19103F-16F7-4668-BE54-9A1E7A4F7556}") = "02.PoundToDolar", "02.PoundToDolar\02.PoundToDolar.csproj", "{829BF934-EE0D-4D0B-9911-0C099AABDF17}"
EndProject
Project("{9A19103F-16F7-4668-BE54-9A1E7A4F7556}") = "03.ExactSumOfRealNumbers", "03.ExactSumOfRealNumbers\03.ExactSumOfRealNumbers.csproj", "{F7AD0370-B3B8-4AE3-A2CD-B98B9509DCE2}"
EndProject
Project("{9A19103F-16F7-4668-BE54-9A1E7A4F7556}") = "04.CenturiesToMinutes", "04.CenturesToMinutes\04.CenturiesToMinutes.csproj", "{9F9D5186-6280-46FC-83FA-884B460A77EB}"
EndProject
Project("{9A19103F-16F7-4668-BE54-9A1E7A4F7556}") = "05.SpecialNumber", "05.SpecialNumber\05.SpecialNumber.csproj", "{04C9EDF0-D515-4631-9EE7-EA65B1EB13FD}"
EndProject
Project("{9A19103F-16F7-4668-BE54-9A1E7A4F7556}") = "06.ReversedChars", "06.ReversedChars\06.ReversedChars.csproj", "{9A3C70C9-FF8B-4AEC-911E-11EFB77CAF81}"
EndProject
Project("{9A19103F-16F7-4668-BE54-9A1E7A4F7556}") = "07.ConcatNames", "07.ConcatNames\07.ConcatNames.csproj", "{2E5DE701-A77A-4F74-82BD-A89C1B25C71D}"
EndProject
Project("{9A19103F-16F7-4668-BE54-9A1E7A4F7556}") = "08.TownInfo", "08.TownInfo\08.TownInfo.csproj", "{5313BA10-D1C3-4044-AC8B-FA361E347385}"
EndProject
Project("{9A19103F-16F7-4668-BE54-9A1E7A4F7556}") = "09.CharToString", "09.CharToString\09.CharToString.csproj", "{0B0B54D1-88F7-49CE-A444-FCC88F11369E}"
EndProject
Project("{9A19103F-16F7-4668-BE54-9A1E7A4F7556}") = "10.LowerToUper", "10.LowerToUper\10.LowerToUper.csproj", "{BA441C58-2A87-4B8C-BD16-BAAC431E3CB2}"
EndProject
Project("{9A19103F-16F7-4668-BE54-9A1E7A4F7556}") = "11.RefactorVolumeOfPyramid", "11.RefactorVolumeOfPyramid\11.RefactorVolumeOfPyramid.csproj", "{C8413323-DB5C-4A93-A8D8-6E1774FB956B}"
EndProject
Project("{9A19103F-16F7-4668-BE54-9A1E7A4F7556}") = "12.RefactorSpecialNumbers", "RefactorSpecialNumbers\12.RefactorSpecialNumbers.csproj", "{EBB004CE-0BB7-4273-A5D9-502C1C38BA41}"
EndProject
Project("{9A19103F-16F7-4668-BE54-9A1E7A4F7556}") = "21.IntegersOperation", "21.SpecialNumers\21.IntegersOperation.csproj", "{105A08F6-4B5B-4C64-A8A7-E6A71B69C9FA}"
EndProject
Project("{FAE04EC0-301F-11D3-BF4B-00C04F79EFBC}") = "22.SumDigits", "22.SumDigits\22.SumDigits.csproj", "{68B1DE77-2B9E-499D-9707-B479396D48FE}"
EndProject
Project("{FAE04EC0-301F-11D3-BF4B-00C04F79EFBC}") = "23.Elevator", "23.Elevator\23.Elevator.csproj", "{2CFD7144-2534-4CB9-9361-C5448219B2E9}"
EndProject
Project("{FAE04EC0-301F-11D3-BF4B-00C04F79EFBC}") = "24.SumOfChars", "24.SumOfChars\24.SumOfChars.csproj", "{B44CE618-4191-41DD-96EC-71921A405BB7}"
EndProject
Project("{FAE04EC0-301F-11D3-BF4B-00C04F79EFBC}") = "25.PrintPartsOfTheASCIITable", "25.PrintPartsOfTheASCIITable\25.PrintPartsOfTheASCIITable.csproj", "{6A6E4255-743E-482A-835A-B84867126FC3}"
EndProject
Project("{FAE04EC0-301F-11D3-BF4B-00C04F79EFBC}") = "26.TriplesOfLatinLeter", "26.TriplesOfLatinLeter\26.TriplesOfLatinLeter.csproj", "{5026B982-B11D-4302-A4BF-7374DDEC466D}"
EndProject
Project("{FAE04EC0-301F-11D3-BF4B-00C04F79EFBC}") = "27.WaterOverflow", "27.WaterOverflow\27.WaterOverflow.csproj", "{4F59DC0C-474E-4871-B345-65FAE0D727E4}"
EndProject
Project("{FAE04EC0-301F-11D3-BF4B-00C04F79EFBC}") = "28.BeerKegs", "28\28.BeerKegs.csproj", "{E78C011F-9B24-4734-ABB6-7C83DAAC546A}"
EndProject
Project("{FAE04EC0-301F-11D3-BF4B-00C04F79EFBC}") = "30.PokeMon", "29.PokeMon\30.PokeMon.csproj", "{F1689043-6E49-484A-8C41-1CCC4B929857}"
EndProject
Project("{FAE04EC0-301F-11D3-BF4B-00C04F79EFBC}") = "29.SpiceMistFlow", "29.SpiceMitsFlow\29.SpiceMistFlow.csproj", "{AC2B631E-325A-4902-9C30-E6ED05FEF84D}"
EndProject
Global
	GlobalSection(SolutionConfigurationPlatforms) = preSolution
		Debug|Any CPU = Debug|Any CPU
		Release|Any CPU = Release|Any CPU
	EndGlobalSection
	GlobalSection(ProjectConfigurationPlatforms) = postSolution
		{2684704E-017B-4C82-8932-FC8EAE2034E8}.Debug|Any CPU.ActiveCfg = Debug|Any CPU
		{2684704E-017B-4C82-8932-FC8EAE2034E8}.Debug|Any CPU.Build.0 = Debug|Any CPU
		{2684704E-017B-4C82-8932-FC8EAE2034E8}.Release|Any CPU.ActiveCfg = Release|Any CPU
		{2684704E-017B-4C82-8932-FC8EAE2034E8}.Release|Any CPU.Build.0 = Release|Any CPU
		{829BF934-EE0D-4D0B-9911-0C099AABDF17}.Debug|Any CPU.ActiveCfg = Debug|Any CPU
		{829BF934-EE0D-4D0B-9911-0C099AABDF17}.Debug|Any CPU.Build.0 = Debug|Any CPU
		{829BF934-EE0D-4D0B-9911-0C099AABDF17}.Release|Any CPU.ActiveCfg = Release|Any CPU
		{829BF934-EE0D-4D0B-9911-0C099AABDF17}.Release|Any CPU.Build.0 = Release|Any CPU
		{F7AD0370-B3B8-4AE3-A2CD-B98B9509DCE2}.Debug|Any CPU.ActiveCfg = Debug|Any CPU
		{F7AD0370-B3B8-4AE3-A2CD-B98B9509DCE2}.Debug|Any CPU.Build.0 = Debug|Any CPU
		{F7AD0370-B3B8-4AE3-A2CD-B98B9509DCE2}.Release|Any CPU.ActiveCfg = Release|Any CPU
		{F7AD0370-B3B8-4AE3-A2CD-B98B9509DCE2}.Release|Any CPU.Build.0 = Release|Any CPU
		{9F9D5186-6280-46FC-83FA-884B460A77EB}.Debug|Any CPU.ActiveCfg = Debug|Any CPU
		{9F9D5186-6280-46FC-83FA-884B460A77EB}.Debug|Any CPU.Build.0 = Debug|Any CPU
		{9F9D5186-6280-46FC-83FA-884B460A77EB}.Release|Any CPU.ActiveCfg = Release|Any CPU
		{9F9D5186-6280-46FC-83FA-884B460A77EB}.Release|Any CPU.Build.0 = Release|Any CPU
		{04C9EDF0-D515-4631-9EE7-EA65B1EB13FD}.Debug|Any CPU.ActiveCfg = Debug|Any CPU
		{04C9EDF0-D515-4631-9EE7-EA65B1EB13FD}.Debug|Any CPU.Build.0 = Debug|Any CPU
		{04C9EDF0-D515-4631-9EE7-EA65B1EB13FD}.Release|Any CPU.ActiveCfg = Release|Any CPU
		{04C9EDF0-D515-4631-9EE7-EA65B1EB13FD}.Release|Any CPU.Build.0 = Release|Any CPU
		{9A3C70C9-FF8B-4AEC-911E-11EFB77CAF81}.Debug|Any CPU.ActiveCfg = Debug|Any CPU
		{9A3C70C9-FF8B-4AEC-911E-11EFB77CAF81}.Debug|Any CPU.Build.0 = Debug|Any CPU
		{9A3C70C9-FF8B-4AEC-911E-11EFB77CAF81}.Release|Any CPU.ActiveCfg = Release|Any CPU
		{9A3C70C9-FF8B-4AEC-911E-11EFB77CAF81}.Release|Any CPU.Build.0 = Release|Any CPU
		{2E5DE701-A77A-4F74-82BD-A89C1B25C71D}.Debug|Any CPU.ActiveCfg = Debug|Any CPU
		{2E5DE701-A77A-4F74-82BD-A89C1B25C71D}.Debug|Any CPU.Build.0 = Debug|Any CPU
		{2E5DE701-A77A-4F74-82BD-A89C1B25C71D}.Release|Any CPU.ActiveCfg = Release|Any CPU
		{2E5DE701-A77A-4F74-82BD-A89C1B25C71D}.Release|Any CPU.Build.0 = Release|Any CPU
		{5313BA10-D1C3-4044-AC8B-FA361E347385}.Debug|Any CPU.ActiveCfg = Debug|Any CPU
		{5313BA10-D1C3-4044-AC8B-FA361E347385}.Debug|Any CPU.Build.0 = Debug|Any CPU
		{5313BA10-D1C3-4044-AC8B-FA361E347385}.Release|Any CPU.ActiveCfg = Release|Any CPU
		{5313BA10-D1C3-4044-AC8B-FA361E347385}.Release|Any CPU.Build.0 = Release|Any CPU
		{0B0B54D1-88F7-49CE-A444-FCC88F11369E}.Debug|Any CPU.ActiveCfg = Debug|Any CPU
		{0B0B54D1-88F7-49CE-A444-FCC88F11369E}.Debug|Any CPU.Build.0 = Debug|Any CPU
		{0B0B54D1-88F7-49CE-A444-FCC88F11369E}.Release|Any CPU.ActiveCfg = Release|Any CPU
		{0B0B54D1-88F7-49CE-A444-FCC88F11369E}.Release|Any CPU.Build.0 = Release|Any CPU
		{BA441C58-2A87-4B8C-BD16-BAAC431E3CB2}.Debug|Any CPU.ActiveCfg = Debug|Any CPU
		{BA441C58-2A87-4B8C-BD16-BAAC431E3CB2}.Debug|Any CPU.Build.0 = Debug|Any CPU
		{BA441C58-2A87-4B8C-BD16-BAAC431E3CB2}.Release|Any CPU.ActiveCfg = Release|Any CPU
		{BA441C58-2A87-4B8C-BD16-BAAC431E3CB2}.Release|Any CPU.Build.0 = Release|Any CPU
		{C8413323-DB5C-4A93-A8D8-6E1774FB956B}.Debug|Any CPU.ActiveCfg = Debug|Any CPU
		{C8413323-DB5C-4A93-A8D8-6E1774FB956B}.Debug|Any CPU.Build.0 = Debug|Any CPU
		{C8413323-DB5C-4A93-A8D8-6E1774FB956B}.Release|Any CPU.ActiveCfg = Release|Any CPU
		{C8413323-DB5C-4A93-A8D8-6E1774FB956B}.Release|Any CPU.Build.0 = Release|Any CPU
		{EBB004CE-0BB7-4273-A5D9-502C1C38BA41}.Debug|Any CPU.ActiveCfg = Debug|Any CPU
		{EBB004CE-0BB7-4273-A5D9-502C1C38BA41}.Debug|Any CPU.Build.0 = Debug|Any CPU
		{EBB004CE-0BB7-4273-A5D9-502C1C38BA41}.Release|Any CPU.ActiveCfg = Release|Any CPU
		{EBB004CE-0BB7-4273-A5D9-502C1C38BA41}.Release|Any CPU.Build.0 = Release|Any CPU
		{105A08F6-4B5B-4C64-A8A7-E6A71B69C9FA}.Debug|Any CPU.ActiveCfg = Debug|Any CPU
		{105A08F6-4B5B-4C64-A8A7-E6A71B69C9FA}.Debug|Any CPU.Build.0 = Debug|Any CPU
		{105A08F6-4B5B-4C64-A8A7-E6A71B69C9FA}.Release|Any CPU.ActiveCfg = Release|Any CPU
		{105A08F6-4B5B-4C64-A8A7-E6A71B69C9FA}.Release|Any CPU.Build.0 = Release|Any CPU
		{68B1DE77-2B9E-499D-9707-B479396D48FE}.Debug|Any CPU.ActiveCfg = Debug|Any CPU
		{68B1DE77-2B9E-499D-9707-B479396D48FE}.Debug|Any CPU.Build.0 = Debug|Any CPU
		{68B1DE77-2B9E-499D-9707-B479396D48FE}.Release|Any CPU.ActiveCfg = Release|Any CPU
		{68B1DE77-2B9E-499D-9707-B479396D48FE}.Release|Any CPU.Build.0 = Release|Any CPU
		{2CFD7144-2534-4CB9-9361-C5448219B2E9}.Debug|Any CPU.ActiveCfg = Debug|Any CPU
		{2CFD7144-2534-4CB9-9361-C5448219B2E9}.Debug|Any CPU.Build.0 = Debug|Any CPU
		{2CFD7144-2534-4CB9-9361-C5448219B2E9}.Release|Any CPU.ActiveCfg = Release|Any CPU
		{2CFD7144-2534-4CB9-9361-C5448219B2E9}.Release|Any CPU.Build.0 = Release|Any CPU
		{B44CE618-4191-41DD-96EC-71921A405BB7}.Debug|Any CPU.ActiveCfg = Debug|Any CPU
		{B44CE618-4191-41DD-96EC-71921A405BB7}.Debug|Any CPU.Build.0 = Debug|Any CPU
		{B44CE618-4191-41DD-96EC-71921A405BB7}.Release|Any CPU.ActiveCfg = Release|Any CPU
		{B44CE618-4191-41DD-96EC-71921A405BB7}.Release|Any CPU.Build.0 = Release|Any CPU
		{6A6E4255-743E-482A-835A-B84867126FC3}.Debug|Any CPU.ActiveCfg = Debug|Any CPU
		{6A6E4255-743E-482A-835A-B84867126FC3}.Debug|Any CPU.Build.0 = Debug|Any CPU
		{6A6E4255-743E-482A-835A-B84867126FC3}.Release|Any CPU.ActiveCfg = Release|Any CPU
		{6A6E4255-743E-482A-835A-B84867126FC3}.Release|Any CPU.Build.0 = Release|Any CPU
		{5026B982-B11D-4302-A4BF-7374DDEC466D}.Debug|Any CPU.ActiveCfg = Debug|Any CPU
		{5026B982-B11D-4302-A4BF-7374DDEC466D}.Debug|Any CPU.Build.0 = Debug|Any CPU
		{5026B982-B11D-4302-A4BF-7374DDEC466D}.Release|Any CPU.ActiveCfg = Release|Any CPU
		{5026B982-B11D-4302-A4BF-7374DDEC466D}.Release|Any CPU.Build.0 = Release|Any CPU
		{4F59DC0C-474E-4871-B345-65FAE0D727E4}.Debug|Any CPU.ActiveCfg = Debug|Any CPU
		{4F59DC0C-474E-4871-B345-65FAE0D727E4}.Debug|Any CPU.Build.0 = Debug|Any CPU
		{4F59DC0C-474E-4871-B345-65FAE0D727E4}.Release|Any CPU.ActiveCfg = Release|Any CPU
		{4F59DC0C-474E-4871-B345-65FAE0D727E4}.Release|Any CPU.Build.0 = Release|Any CPU
		{E78C011F-9B24-4734-ABB6-7C83DAAC546A}.Debug|Any CPU.ActiveCfg = Debug|Any CPU
		{E78C011F-9B24-4734-ABB6-7C83DAAC546A}.Debug|Any CPU.Build.0 = Debug|Any CPU
		{E78C011F-9B24-4734-ABB6-7C83DAAC546A}.Release|Any CPU.ActiveCfg = Release|Any CPU
		{E78C011F-9B24-4734-ABB6-7C83DAAC546A}.Release|Any CPU.Build.0 = Release|Any CPU
		{F1689043-6E49-484A-8C41-1CCC4B929857}.Debug|Any CPU.ActiveCfg = Debug|Any CPU
		{F1689043-6E49-484A-8C41-1CCC4B929857}.Debug|Any CPU.Build.0 = Debug|Any CPU
		{F1689043-6E49-484A-8C41-1CCC4B929857}.Release|Any CPU.ActiveCfg = Release|Any CPU
		{F1689043-6E49-484A-8C41-1CCC4B929857}.Release|Any CPU.Build.0 = Release|Any CPU
		{AC2B631E-325A-4902-9C30-E6ED05FEF84D}.Debug|Any CPU.ActiveCfg = Debug|Any CPU
		{AC2B631E-325A-4902-9C30-E6ED05FEF84D}.Debug|Any CPU.Build.0 = Debug|Any CPU
		{AC2B631E-325A-4902-9C30-E6ED05FEF84D}.Release|Any CPU.ActiveCfg = Release|Any CPU
		{AC2B631E-325A-4902-9C30-E6ED05FEF84D}.Release|Any CPU.Build.0 = Release|Any CPU
	EndGlobalSection
	GlobalSection(SolutionProperties) = preSolution
		HideSolutionNode = FALSE
	EndGlobalSection
	GlobalSection(ExtensibilityGlobals) = postSolution
		SolutionGuid = {B484EF8C-8968-44AD-84BC-DC9B9962B0F6}
	EndGlobalSection
EndGlobal
